// !$*UTF8*$!
{
	archiveVersion = 1;
	classes = {
	};
	objectVersion = 46;
	objects = {

/* Begin PBXBuildFile section */
		4908D67B1704A0D900BB67DC /* cross.mp3 in Resources */ = {isa = PBXBuildFile; fileRef = 4908D67A1704A0D900BB67DC /* cross.mp3 */; };
		4908D6871704AE4A00BB67DC /* friday.mp3 in Resources */ = {isa = PBXBuildFile; fileRef = 4908D67C1704AE4900BB67DC /* friday.mp3 */; };
		4908D6881704AE4A00BB67DC /* LayYourHead.mp3 in Resources */ = {isa = PBXBuildFile; fileRef = 4908D67D1704AE4900BB67DC /* LayYourHead.mp3 */; };
		4908D6891704AE4A00BB67DC /* LICENSE in Resources */ = {isa = PBXBuildFile; fileRef = 4908D67E1704AE4A00BB67DC /* LICENSE */; };
		4908D68A1704AE4A00BB67DC /* LonelyGirl.mp3 in Resources */ = {isa = PBXBuildFile; fileRef = 4908D67F1704AE4A00BB67DC /* LonelyGirl.mp3 */; };
		4908D68B1704AE4A00BB67DC /* Meter.mp3 in Resources */ = {isa = PBXBuildFile; fileRef = 4908D6801704AE4A00BB67DC /* Meter.mp3 */; };
		4908D68C1704AE4A00BB67DC /* rainbow.mp3 in Resources */ = {isa = PBXBuildFile; fileRef = 4908D6811704AE4A00BB67DC /* rainbow.mp3 */; };
		4908D68D1704AE4A00BB67DC /* TheCall.mp3 in Resources */ = {isa = PBXBuildFile; fileRef = 4908D6821704AE4A00BB67DC /* TheCall.mp3 */; };
		4908D68E1704AE4A00BB67DC /* thirdday.mp3 in Resources */ = {isa = PBXBuildFile; fileRef = 4908D6831704AE4A00BB67DC /* thirdday.mp3 */; };
		4908D68F1704AE4A00BB67DC /* VenusImMilo.mp3 in Resources */ = {isa = PBXBuildFile; fileRef = 4908D6841704AE4A00BB67DC /* VenusImMilo.mp3 */; };
		4908D6901704AE4A00BB67DC /* WeBelong.mp3 in Resources */ = {isa = PBXBuildFile; fileRef = 4908D6851704AE4A00BB67DC /* WeBelong.mp3 */; };
		4908D6911704AE4A00BB67DC /* Word.mp3 in Resources */ = {isa = PBXBuildFile; fileRef = 4908D6861704AE4A00BB67DC /* Word.mp3 */; };
		49330AF717049F6E00A14167 /* AVFoundation.framework in Frameworks */ = {isa = PBXBuildFile; fileRef = 49330AF617049F6E00A14167 /* AVFoundation.framework */; };
		493DCA0D1703852E00BABFED /* quotes.plist in Resources */ = {isa = PBXBuildFile; fileRef = 493DCA0C1703852E00BABFED /* quotes.plist */; };
		49BD4CF81702560F007D65E1 /* UIKit.framework in Frameworks */ = {isa = PBXBuildFile; fileRef = 49BD4CF71702560F007D65E1 /* UIKit.framework */; };
		49BD4CFA1702560F007D65E1 /* Foundation.framework in Frameworks */ = {isa = PBXBuildFile; fileRef = 49BD4CF91702560F007D65E1 /* Foundation.framework */; };
		49BD4CFC1702560F007D65E1 /* CoreGraphics.framework in Frameworks */ = {isa = PBXBuildFile; fileRef = 49BD4CFB1702560F007D65E1 /* CoreGraphics.framework */; };
		49BD4D021702560F007D65E1 /* InfoPlist.strings in Resources */ = {isa = PBXBuildFile; fileRef = 49BD4D001702560F007D65E1 /* InfoPlist.strings */; };
		49BD4D041702560F007D65E1 /* main.m in Sources */ = {isa = PBXBuildFile; fileRef = 49BD4D031702560F007D65E1 /* main.m */; };
		49BD4D081702560F007D65E1 /* AppDelegate.m in Sources */ = {isa = PBXBuildFile; fileRef = 49BD4D071702560F007D65E1 /* AppDelegate.m */; };
		49BD4D0A1702560F007D65E1 /* Default.png in Resources */ = {isa = PBXBuildFile; fileRef = 49BD4D091702560F007D65E1 /* Default.png */; };
		49BD4D0C1702560F007D65E1 /* Default@2x.png in Resources */ = {isa = PBXBuildFile; fileRef = 49BD4D0B1702560F007D65E1 /* Default@2x.png */; };
		49BD4D0E1702560F007D65E1 /* Default-568h@2x.png in Resources */ = {isa = PBXBuildFile; fileRef = 49BD4D0D1702560F007D65E1 /* Default-568h@2x.png */; };
		49BD4D111702560F007D65E1 /* MainStoryboard_iPhone.storyboard in Resources */ = {isa = PBXBuildFile; fileRef = 49BD4D0F1702560F007D65E1 /* MainStoryboard_iPhone.storyboard */; };
		49BD4D141702560F007D65E1 /* MainStoryboard_iPad.storyboard in Resources */ = {isa = PBXBuildFile; fileRef = 49BD4D121702560F007D65E1 /* MainStoryboard_iPad.storyboard */; };
		49BD4D171702560F007D65E1 /* ViewController.m in Sources */ = {isa = PBXBuildFile; fileRef = 49BD4D161702560F007D65E1 /* ViewController.m */; };
		49BD4D1F1702560F007D65E1 /* SenTestingKit.framework in Frameworks */ = {isa = PBXBuildFile; fileRef = 49BD4D1E1702560F007D65E1 /* SenTestingKit.framework */; };
		49BD4D201702560F007D65E1 /* UIKit.framework in Frameworks */ = {isa = PBXBuildFile; fileRef = 49BD4CF71702560F007D65E1 /* UIKit.framework */; };
		49BD4D211702560F007D65E1 /* Foundation.framework in Frameworks */ = {isa = PBXBuildFile; fileRef = 49BD4CF91702560F007D65E1 /* Foundation.framework */; };
		49BD4D291702560F007D65E1 /* InfoPlist.strings in Resources */ = {isa = PBXBuildFile; fileRef = 49BD4D271702560F007D65E1 /* InfoPlist.strings */; };
		49BD4D2C1702560F007D65E1 /* SpeakerSocialTests.m in Sources */ = {isa = PBXBuildFile; fileRef = 49BD4D2B1702560F007D65E1 /* SpeakerSocialTests.m */; };
/* End PBXBuildFile section */

/* Begin PBXContainerItemProxy section */
		49BD4D221702560F007D65E1 /* PBXContainerItemProxy */ = {
			isa = PBXContainerItemProxy;
			containerPortal = 49BD4CEC1702560F007D65E1 /* Project object */;
			proxyType = 1;
			remoteGlobalIDString = 49BD4CF31702560F007D65E1;
			remoteInfo = SpeakerSocial;
		};
/* End PBXContainerItemProxy section */

/* Begin PBXFileReference section */
		4908D67A1704A0D900BB67DC /* cross.mp3 */ = {isa = PBXFileReference; lastKnownFileType = audio.mp3; name = cross.mp3; path = ../../../speakerapp/public/media/cross.mp3; sourceTree = "<group>"; };
		4908D67C1704AE4900BB67DC /* friday.mp3 */ = {isa = PBXFileReference; lastKnownFileType = audio.mp3; name = friday.mp3; path = ../../../speakerapp/public/media/friday.mp3; sourceTree = "<group>"; };
		4908D67D1704AE4900BB67DC /* LayYourHead.mp3 */ = {isa = PBXFileReference; lastKnownFileType = audio.mp3; name = LayYourHead.mp3; path = ../../../speakerapp/public/media/LayYourHead.mp3; sourceTree = "<group>"; };
		4908D67E1704AE4A00BB67DC /* LICENSE */ = {isa = PBXFileReference; fileEncoding = 4; lastKnownFileType = text; name = LICENSE; path = ../../../speakerapp/public/media/LICENSE; sourceTree = "<group>"; };
		4908D67F1704AE4A00BB67DC /* LonelyGirl.mp3 */ = {isa = PBXFileReference; lastKnownFileType = audio.mp3; name = LonelyGirl.mp3; path = ../../../speakerapp/public/media/LonelyGirl.mp3; sourceTree = "<group>"; };
		4908D6801704AE4A00BB67DC /* Meter.mp3 */ = {isa = PBXFileReference; lastKnownFileType = audio.mp3; name = Meter.mp3; path = ../../../speakerapp/public/media/Meter.mp3; sourceTree = "<group>"; };
		4908D6811704AE4A00BB67DC /* rainbow.mp3 */ = {isa = PBXFileReference; lastKnownFileType = audio.mp3; name = rainbow.mp3; path = ../../../speakerapp/public/media/rainbow.mp3; sourceTree = "<group>"; };
		4908D6821704AE4A00BB67DC /* TheCall.mp3 */ = {isa = PBXFileReference; lastKnownFileType = audio.mp3; name = TheCall.mp3; path = ../../../speakerapp/public/media/TheCall.mp3; sourceTree = "<group>"; };
		4908D6831704AE4A00BB67DC /* thirdday.mp3 */ = {isa = PBXFileReference; lastKnownFileType = audio.mp3; name = thirdday.mp3; path = ../../../speakerapp/public/media/thirdday.mp3; sourceTree = "<group>"; };
		4908D6841704AE4A00BB67DC /* VenusImMilo.mp3 */ = {isa = PBXFileReference; lastKnownFileType = audio.mp3; name = VenusImMilo.mp3; path = ../../../speakerapp/public/media/VenusImMilo.mp3; sourceTree = "<group>"; };
		4908D6851704AE4A00BB67DC /* WeBelong.mp3 */ = {isa = PBXFileReference; lastKnownFileType = audio.mp3; name = WeBelong.mp3; path = ../../../speakerapp/public/media/WeBelong.mp3; sourceTree = "<group>"; };
		4908D6861704AE4A00BB67DC /* Word.mp3 */ = {isa = PBXFileReference; lastKnownFileType = audio.mp3; name = Word.mp3; path = ../../../speakerapp/public/media/Word.mp3; sourceTree = "<group>"; };
		49330AF617049F6E00A14167 /* AVFoundation.framework */ = {isa = PBXFileReference; lastKnownFileType = wrapper.framework; name = AVFoundation.framework; path = System/Library/Frameworks/AVFoundation.framework; sourceTree = SDKROOT; };
		493DCA0C1703852E00BABFED /* quotes.plist */ = {isa = PBXFileReference; fileEncoding = 4; lastKnownFileType = text.plist.xml; path = quotes.plist; sourceTree = "<group>"; };
		49BD4CF41702560F007D65E1 /* SpeakerSocial.app */ = {isa = PBXFileReference; explicitFileType = wrapper.application; includeInIndex = 0; path = SpeakerSocial.app; sourceTree = BUILT_PRODUCTS_DIR; };
		49BD4CF71702560F007D65E1 /* UIKit.framework */ = {isa = PBXFileReference; lastKnownFileType = wrapper.framework; name = UIKit.framework; path = System/Library/Frameworks/UIKit.framework; sourceTree = SDKROOT; };
		49BD4CF91702560F007D65E1 /* Foundation.framework */ = {isa = PBXFileReference; lastKnownFileType = wrapper.framework; name = Foundation.framework; path = System/Library/Frameworks/Foundation.framework; sourceTree = SDKROOT; };
		49BD4CFB1702560F007D65E1 /* CoreGraphics.framework */ = {isa = PBXFileReference; lastKnownFileType = wrapper.framework; name = CoreGraphics.framework; path = System/Library/Frameworks/CoreGraphics.framework; sourceTree = SDKROOT; };
		49BD4CFF1702560F007D65E1 /* SpeakerSocial-Info.plist */ = {isa = PBXFileReference; lastKnownFileType = text.plist.xml; path = "SpeakerSocial-Info.plist"; sourceTree = "<group>"; };
		49BD4D011702560F007D65E1 /* en */ = {isa = PBXFileReference; lastKnownFileType = text.plist.strings; name = en; path = en.lproj/InfoPlist.strings; sourceTree = "<group>"; };
		49BD4D031702560F007D65E1 /* main.m */ = {isa = PBXFileReference; lastKnownFileType = sourcecode.c.objc; path = main.m; sourceTree = "<group>"; };
		49BD4D051702560F007D65E1 /* SpeakerSocial-Prefix.pch */ = {isa = PBXFileReference; lastKnownFileType = sourcecode.c.h; path = "SpeakerSocial-Prefix.pch"; sourceTree = "<group>"; };
		49BD4D061702560F007D65E1 /* AppDelegate.h */ = {isa = PBXFileReference; lastKnownFileType = sourcecode.c.h; path = AppDelegate.h; sourceTree = "<group>"; };
		49BD4D071702560F007D65E1 /* AppDelegate.m */ = {isa = PBXFileReference; lastKnownFileType = sourcecode.c.objc; path = AppDelegate.m; sourceTree = "<group>"; };
		49BD4D091702560F007D65E1 /* Default.png */ = {isa = PBXFileReference; lastKnownFileType = image.png; path = Default.png; sourceTree = "<group>"; };
		49BD4D0B1702560F007D65E1 /* Default@2x.png */ = {isa = PBXFileReference; lastKnownFileType = image.png; path = "Default@2x.png"; sourceTree = "<group>"; };
		49BD4D0D1702560F007D65E1 /* Default-568h@2x.png */ = {isa = PBXFileReference; lastKnownFileType = image.png; path = "Default-568h@2x.png"; sourceTree = "<group>"; };
		49BD4D101702560F007D65E1 /* en */ = {isa = PBXFileReference; lastKnownFileType = file.storyboard; name = en; path = en.lproj/MainStoryboard_iPhone.storyboard; sourceTree = "<group>"; };
		49BD4D131702560F007D65E1 /* en */ = {isa = PBXFileReference; lastKnownFileType = file.storyboard; name = en; path = en.lproj/MainStoryboard_iPad.storyboard; sourceTree = "<group>"; };
		49BD4D151702560F007D65E1 /* ViewController.h */ = {isa = PBXFileReference; lastKnownFileType = sourcecode.c.h; path = ViewController.h; sourceTree = "<group>"; };
		49BD4D161702560F007D65E1 /* ViewController.m */ = {isa = PBXFileReference; lastKnownFileType = sourcecode.c.objc; path = ViewController.m; sourceTree = "<group>"; };
		49BD4D1D1702560F007D65E1 /* SpeakerSocialTests.octest */ = {isa = PBXFileReference; explicitFileType = wrapper.cfbundle; includeInIndex = 0; path = SpeakerSocialTests.octest; sourceTree = BUILT_PRODUCTS_DIR; };
		49BD4D1E1702560F007D65E1 /* SenTestingKit.framework */ = {isa = PBXFileReference; lastKnownFileType = wrapper.framework; name = SenTestingKit.framework; path = Library/Frameworks/SenTestingKit.framework; sourceTree = DEVELOPER_DIR; };
		49BD4D261702560F007D65E1 /* SpeakerSocialTests-Info.plist */ = {isa = PBXFileReference; lastKnownFileType = text.plist.xml; path = "SpeakerSocialTests-Info.plist"; sourceTree = "<group>"; };
		49BD4D281702560F007D65E1 /* en */ = {isa = PBXFileReference; lastKnownFileType = text.plist.strings; name = en; path = en.lproj/InfoPlist.strings; sourceTree = "<group>"; };
		49BD4D2A1702560F007D65E1 /* SpeakerSocialTests.h */ = {isa = PBXFileReference; lastKnownFileType = sourcecode.c.h; path = SpeakerSocialTests.h; sourceTree = "<group>"; };
		49BD4D2B1702560F007D65E1 /* SpeakerSocialTests.m */ = {isa = PBXFileReference; lastKnownFileType = sourcecode.c.objc; path = SpeakerSocialTests.m; sourceTree = "<group>"; };
/* End PBXFileReference section */

/* Begin PBXFrameworksBuildPhase section */
		49BD4CF11702560F007D65E1 /* Frameworks */ = {
			isa = PBXFrameworksBuildPhase;
			buildActionMask = 2147483647;
			files = (
				49330AF717049F6E00A14167 /* AVFoundation.framework in Frameworks */,
				49BD4CF81702560F007D65E1 /* UIKit.framework in Frameworks */,
				49BD4CFA1702560F007D65E1 /* Foundation.framework in Frameworks */,
				49BD4CFC1702560F007D65E1 /* CoreGraphics.framework in Frameworks */,
			);
			runOnlyForDeploymentPostprocessing = 0;
		};
		49BD4D191702560F007D65E1 /* Frameworks */ = {
			isa = PBXFrameworksBuildPhase;
			buildActionMask = 2147483647;
			files = (
				49BD4D1F1702560F007D65E1 /* SenTestingKit.framework in Frameworks */,
				49BD4D201702560F007D65E1 /* UIKit.framework in Frameworks */,
				49BD4D211702560F007D65E1 /* Foundation.framework in Frameworks */,
			);
			runOnlyForDeploymentPostprocessing = 0;
		};
/* End PBXFrameworksBuildPhase section */

/* Begin PBXGroup section */
		49BD4CEB1702560E007D65E1 = {
			isa = PBXGroup;
			children = (
				49BD4CFD1702560F007D65E1 /* SpeakerSocial */,
				49BD4D241702560F007D65E1 /* SpeakerSocialTests */,
				49BD4CF61702560F007D65E1 /* Frameworks */,
				49BD4CF51702560F007D65E1 /* Products */,
			);
			sourceTree = "<group>";
		};
		49BD4CF51702560F007D65E1 /* Products */ = {
			isa = PBXGroup;
			children = (
				49BD4CF41702560F007D65E1 /* SpeakerSocial.app */,
				49BD4D1D1702560F007D65E1 /* SpeakerSocialTests.octest */,
			);
			name = Products;
			sourceTree = "<group>";
		};
		49BD4CF61702560F007D65E1 /* Frameworks */ = {
			isa = PBXGroup;
			children = (
				49330AF617049F6E00A14167 /* AVFoundation.framework */,
				49BD4CF71702560F007D65E1 /* UIKit.framework */,
				49BD4CF91702560F007D65E1 /* Foundation.framework */,
				49BD4CFB1702560F007D65E1 /* CoreGraphics.framework */,
				49BD4D1E1702560F007D65E1 /* SenTestingKit.framework */,
			);
			name = Frameworks;
			sourceTree = "<group>";
		};
		49BD4CFD1702560F007D65E1 /* SpeakerSocial */ = {
			isa = PBXGroup;
			children = (
				493DCA0C1703852E00BABFED /* quotes.plist */,
				49BD4D061702560F007D65E1 /* AppDelegate.h */,
				49BD4D071702560F007D65E1 /* AppDelegate.m */,
				49BD4D0F1702560F007D65E1 /* MainStoryboard_iPhone.storyboard */,
				49BD4D121702560F007D65E1 /* MainStoryboard_iPad.storyboard */,
				49BD4D151702560F007D65E1 /* ViewController.h */,
				49BD4D161702560F007D65E1 /* ViewController.m */,
				49BD4CFE1702560F007D65E1 /* Supporting Files */,
			);
			path = SpeakerSocial;
			sourceTree = "<group>";
		};
		49BD4CFE1702560F007D65E1 /* Supporting Files */ = {
			isa = PBXGroup;
			children = (
				4908D67C1704AE4900BB67DC /* friday.mp3 */,
				4908D67D1704AE4900BB67DC /* LayYourHead.mp3 */,
				4908D67E1704AE4A00BB67DC /* LICENSE */,
				4908D67F1704AE4A00BB67DC /* LonelyGirl.mp3 */,
				4908D6801704AE4A00BB67DC /* Meter.mp3 */,
				4908D6811704AE4A00BB67DC /* rainbow.mp3 */,
				4908D6821704AE4A00BB67DC /* TheCall.mp3 */,
				4908D6831704AE4A00BB67DC /* thirdday.mp3 */,
				4908D6841704AE4A00BB67DC /* VenusImMilo.mp3 */,
				4908D6851704AE4A00BB67DC /* WeBelong.mp3 */,
				4908D6861704AE4A00BB67DC /* Word.mp3 */,
				4908D67A1704A0D900BB67DC /* cross.mp3 */,
				49BD4CFF1702560F007D65E1 /* SpeakerSocial-Info.plist */,
				49BD4D001702560F007D65E1 /* InfoPlist.strings */,
				49BD4D031702560F007D65E1 /* main.m */,
				49BD4D051702560F007D65E1 /* SpeakerSocial-Prefix.pch */,
				49BD4D091702560F007D65E1 /* Default.png */,
				49BD4D0B1702560F007D65E1 /* Default@2x.png */,
				49BD4D0D1702560F007D65E1 /* Default-568h@2x.png */,
			);
			name = "Supporting Files";
			sourceTree = "<group>";
		};
		49BD4D241702560F007D65E1 /* SpeakerSocialTests */ = {
			isa = PBXGroup;
			children = (
				49BD4D2A1702560F007D65E1 /* SpeakerSocialTests.h */,
				49BD4D2B1702560F007D65E1 /* SpeakerSocialTests.m */,
				49BD4D251702560F007D65E1 /* Supporting Files */,
			);
			path = SpeakerSocialTests;
			sourceTree = "<group>";
		};
		49BD4D251702560F007D65E1 /* Supporting Files */ = {
			isa = PBXGroup;
			children = (
				49BD4D261702560F007D65E1 /* SpeakerSocialTests-Info.plist */,
				49BD4D271702560F007D65E1 /* InfoPlist.strings */,
			);
			name = "Supporting Files";
			sourceTree = "<group>";
		};
/* End PBXGroup section */

/* Begin PBXNativeTarget section */
		49BD4CF31702560F007D65E1 /* SpeakerSocial */ = {
			isa = PBXNativeTarget;
			buildConfigurationList = 49BD4D2F1702560F007D65E1 /* Build configuration list for PBXNativeTarget "SpeakerSocial" */;
			buildPhases = (
				49BD4CF01702560F007D65E1 /* Sources */,
				49BD4CF11702560F007D65E1 /* Frameworks */,
				49BD4CF21702560F007D65E1 /* Resources */,
			);
			buildRules = (
			);
			dependencies = (
			);
			name = SpeakerSocial;
			productName = SpeakerSocial;
			productReference = 49BD4CF41702560F007D65E1 /* SpeakerSocial.app */;
			productType = "com.apple.product-type.application";
		};
		49BD4D1C1702560F007D65E1 /* SpeakerSocialTests */ = {
			isa = PBXNativeTarget;
			buildConfigurationList = 49BD4D321702560F007D65E1 /* Build configuration list for PBXNativeTarget "SpeakerSocialTests" */;
			buildPhases = (
				49BD4D181702560F007D65E1 /* Sources */,
				49BD4D191702560F007D65E1 /* Frameworks */,
				49BD4D1A1702560F007D65E1 /* Resources */,
				49BD4D1B1702560F007D65E1 /* ShellScript */,
			);
			buildRules = (
			);
			dependencies = (
				49BD4D231702560F007D65E1 /* PBXTargetDependency */,
			);
			name = SpeakerSocialTests;
			productName = SpeakerSocialTests;
			productReference = 49BD4D1D1702560F007D65E1 /* SpeakerSocialTests.octest */;
			productType = "com.apple.product-type.bundle";
		};
/* End PBXNativeTarget section */

/* Begin PBXProject section */
		49BD4CEC1702560F007D65E1 /* Project object */ = {
			isa = PBXProject;
			attributes = {
				LastUpgradeCheck = 0460;
				ORGANIZATIONNAME = "Coshx Labs, Inc";
			};
			buildConfigurationList = 49BD4CEF1702560F007D65E1 /* Build configuration list for PBXProject "SpeakerSocial" */;
			compatibilityVersion = "Xcode 3.2";
			developmentRegion = English;
			hasScannedForEncodings = 0;
			knownRegions = (
				en,
			);
			mainGroup = 49BD4CEB1702560E007D65E1;
			productRefGroup = 49BD4CF51702560F007D65E1 /* Products */;
			projectDirPath = "";
			projectRoot = "";
			targets = (
				49BD4CF31702560F007D65E1 /* SpeakerSocial */,
				49BD4D1C1702560F007D65E1 /* SpeakerSocialTests */,
			);
		};
/* End PBXProject section */

/* Begin PBXResourcesBuildPhase section */
		49BD4CF21702560F007D65E1 /* Resources */ = {
			isa = PBXResourcesBuildPhase;
			buildActionMask = 2147483647;
			files = (
				49BD4D021702560F007D65E1 /* InfoPlist.strings in Resources */,
				49BD4D0A1702560F007D65E1 /* Default.png in Resources */,
				49BD4D0C1702560F007D65E1 /* Default@2x.png in Resources */,
				49BD4D0E1702560F007D65E1 /* Default-568h@2x.png in Resources */,
				49BD4D111702560F007D65E1 /* MainStoryboard_iPhone.storyboard in Resources */,
				49BD4D141702560F007D65E1 /* MainStoryboard_iPad.storyboard in Resources */,
				493DCA0D1703852E00BABFED /* quotes.plist in Resources */,
				4908D67B1704A0D900BB67DC /* cross.mp3 in Resources */,
				4908D6871704AE4A00BB67DC /* friday.mp3 in Resources */,
				4908D6881704AE4A00BB67DC /* LayYourHead.mp3 in Resources */,
				4908D6891704AE4A00BB67DC /* LICENSE in Resources */,
				4908D68A1704AE4A00BB67DC /* LonelyGirl.mp3 in Resources */,
				4908D68B1704AE4A00BB67DC /* Meter.mp3 in Resources */,
				4908D68C1704AE4A00BB67DC /* rainbow.mp3 in Resources */,
				4908D68D1704AE4A00BB67DC /* TheCall.mp3 in Resources */,
				4908D68E1704AE4A00BB67DC /* thirdday.mp3 in Resources */,
				4908D68F1704AE4A00BB67DC /* VenusImMilo.mp3 in Resources */,
				4908D6901704AE4A00BB67DC /* WeBelong.mp3 in Resources */,
				4908D6911704AE4A00BB67DC /* Word.mp3 in Resources */,
			);
			runOnlyForDeploymentPostprocessing = 0;
		};
		49BD4D1A1702560F007D65E1 /* Resources */ = {
			isa = PBXResourcesBuildPhase;
			buildActionMask = 2147483647;
			files = (
				49BD4D291702560F007D65E1 /* InfoPlist.strings in Resources */,
			);
			runOnlyForDeploymentPostprocessing = 0;
		};
/* End PBXResourcesBuildPhase section */

/* Begin PBXShellScriptBuildPhase section */
		49BD4D1B1702560F007D65E1 /* ShellScript */ = {
			isa = PBXShellScriptBuildPhase;
			buildActionMask = 2147483647;
			files = (
			);
			inputPaths = (
			);
			outputPaths = (
			);
			runOnlyForDeploymentPostprocessing = 0;
			shellPath = /bin/sh;
			shellScript = "# Run the unit tests in this test bundle.\n\"${SYSTEM_DEVELOPER_DIR}/Tools/RunUnitTests\"\n";
		};
/* End PBXShellScriptBuildPhase section */

/* Begin PBXSourcesBuildPhase section */
		49BD4CF01702560F007D65E1 /* Sources */ = {
			isa = PBXSourcesBuildPhase;
			buildActionMask = 2147483647;
			files = (
				49BD4D041702560F007D65E1 /* main.m in Sources */,
				49BD4D081702560F007D65E1 /* AppDelegate.m in Sources */,
				49BD4D171702560F007D65E1 /* ViewController.m in Sources */,
			);
			runOnlyForDeploymentPostprocessing = 0;
		};
		49BD4D181702560F007D65E1 /* Sources */ = {
			isa = PBXSourcesBuildPhase;
			buildActionMask = 2147483647;
			files = (
				49BD4D2C1702560F007D65E1 /* SpeakerSocialTests.m in Sources */,
			);
			runOnlyForDeploymentPostprocessing = 0;
		};
/* End PBXSourcesBuildPhase section */

/* Begin PBXTargetDependency section */
		49BD4D231702560F007D65E1 /* PBXTargetDependency */ = {
			isa = PBXTargetDependency;
			target = 49BD4CF31702560F007D65E1 /* SpeakerSocial */;
			targetProxy = 49BD4D221702560F007D65E1 /* PBXContainerItemProxy */;
		};
/* End PBXTargetDependency section */

/* Begin PBXVariantGroup section */
		49BD4D001702560F007D65E1 /* InfoPlist.strings */ = {
			isa = PBXVariantGroup;
			children = (
				49BD4D011702560F007D65E1 /* en */,
			);
			name = InfoPlist.strings;
			sourceTree = "<group>";
		};
		49BD4D0F1702560F007D65E1 /* MainStoryboard_iPhone.storyboard */ = {
			isa = PBXVariantGroup;
			children = (
				49BD4D101702560F007D65E1 /* en */,
			);
			name = MainStoryboard_iPhone.storyboard;
			sourceTree = "<group>";
		};
		49BD4D121702560F007D65E1 /* MainStoryboard_iPad.storyboard */ = {
			isa = PBXVariantGroup;
			children = (
				49BD4D131702560F007D65E1 /* en */,
			);
			name = MainStoryboard_iPad.storyboard;
			sourceTree = "<group>";
		};
		49BD4D271702560F007D65E1 /* InfoPlist.strings */ = {
			isa = PBXVariantGroup;
			children = (
				49BD4D281702560F007D65E1 /* en */,
			);
			name = InfoPlist.strings;
			sourceTree = "<group>";
		};
/* End PBXVariantGroup section */

/* Begin XCBuildConfiguration section */
		49BD4D2D1702560F007D65E1 /* Debug */ = {
			isa = XCBuildConfiguration;
			buildSettings = {
				ALWAYS_SEARCH_USER_PATHS = NO;
				CLANG_CXX_LANGUAGE_STANDARD = "gnu++0x";
				CLANG_CXX_LIBRARY = "libc++";
				CLANG_ENABLE_OBJC_ARC = YES;
				CLANG_WARN_CONSTANT_CONVERSION = YES;
				CLANG_WARN_EMPTY_BODY = YES;
				CLANG_WARN_ENUM_CONVERSION = YES;
				CLANG_WARN_INT_CONVERSION = YES;
				CLANG_WARN__DUPLICATE_METHOD_MATCH = YES;
				"CODE_SIGN_IDENTITY[sdk=iphoneos*]" = "iPhone Developer";
				COPY_PHASE_STRIP = NO;
				GCC_C_LANGUAGE_STANDARD = gnu99;
				GCC_DYNAMIC_NO_PIC = NO;
				GCC_OPTIMIZATION_LEVEL = 0;
				GCC_PREPROCESSOR_DEFINITIONS = (
					"DEBUG=1",
					"$(inherited)",
				);
				GCC_SYMBOLS_PRIVATE_EXTERN = NO;
				GCC_WARN_ABOUT_RETURN_TYPE = YES;
				GCC_WARN_UNINITIALIZED_AUTOS = YES;
				GCC_WARN_UNUSED_VARIABLE = YES;
				IPHONEOS_DEPLOYMENT_TARGET = 6.1;
				ONLY_ACTIVE_ARCH = YES;
				SDKROOT = iphoneos;
				TARGETED_DEVICE_FAMILY = "1,2";
			};
			name = Debug;
		};
		49BD4D2E1702560F007D65E1 /* Release */ = {
			isa = XCBuildConfiguration;
			buildSettings = {
				ALWAYS_SEARCH_USER_PATHS = NO;
				CLANG_CXX_LANGUAGE_STANDARD = "gnu++0x";
				CLANG_CXX_LIBRARY = "libc++";
				CLANG_ENABLE_OBJC_ARC = YES;
				CLANG_WARN_CONSTANT_CONVERSION = YES;
				CLANG_WARN_EMPTY_BODY = YES;
				CLANG_WARN_ENUM_CONVERSION = YES;
				CLANG_WARN_INT_CONVERSION = YES;
				CLANG_WARN__DUPLICATE_METHOD_MATCH = YES;
				"CODE_SIGN_IDENTITY[sdk=iphoneos*]" = "iPhone Developer";
				COPY_PHASE_STRIP = YES;
				GCC_C_LANGUAGE_STANDARD = gnu99;
				GCC_WARN_ABOUT_RETURN_TYPE = YES;
				GCC_WARN_UNINITIALIZED_AUTOS = YES;
				GCC_WARN_UNUSED_VARIABLE = YES;
				IPHONEOS_DEPLOYMENT_TARGET = 6.1;
				OTHER_CFLAGS = "-DNS_BLOCK_ASSERTIONS=1";
				SDKROOT = iphoneos;
				TARGETED_DEVICE_FAMILY = "1,2";
				VALIDATE_PRODUCT = YES;
			};
			name = Release;
		};
		49BD4D301702560F007D65E1 /* Debug */ = {
			isa = XCBuildConfiguration;
			buildSettings = {
				GCC_PRECOMPILE_PREFIX_HEADER = YES;
				GCC_PREFIX_HEADER = "SpeakerSocial/SpeakerSocial-Prefix.pch";
				INFOPLIST_FILE = "SpeakerSocial/SpeakerSocial-Info.plist";
				PRODUCT_NAME = "$(TARGET_NAME)";
				WRAPPER_EXTENSION = app;
			};
			name = Debug;
		};
		49BD4D311702560F007D65E1 /* Release */ = {
			isa = XCBuildConfiguration;
			buildSettings = {
				GCC_PRECOMPILE_PREFIX_HEADER = YES;
				GCC_PREFIX_HEADER = "SpeakerSocial/SpeakerSocial-Prefix.pch";
				INFOPLIST_FILE = "SpeakerSocial/SpeakerSocial-Info.plist";
				PRODUCT_NAME = "$(TARGET_NAME)";
				WRAPPER_EXTENSION = app;
			};
			name = Release;
		};
		49BD4D331702560F007D65E1 /* Debug */ = {
			isa = XCBuildConfiguration;
			buildSettings = {
				BUNDLE_LOADER = "$(BUILT_PRODUCTS_DIR)/SpeakerSocial.app/SpeakerSocial";
				FRAMEWORK_SEARCH_PATHS = (
					"\"$(SDKROOT)/Developer/Library/Frameworks\"",
					"\"$(DEVELOPER_LIBRARY_DIR)/Frameworks\"",
				);
				GCC_PRECOMPILE_PREFIX_HEADER = YES;
				GCC_PREFIX_HEADER = "SpeakerSocial/SpeakerSocial-Prefix.pch";
				INFOPLIST_FILE = "SpeakerSocialTests/SpeakerSocialTests-Info.plist";
				PRODUCT_NAME = "$(TARGET_NAME)";
				TEST_HOST = "$(BUNDLE_LOADER)";
				WRAPPER_EXTENSION = octest;
			};
			name = Debug;
		};
		49BD4D341702560F007D65E1 /* Release */ = {
			isa = XCBuildConfiguration;
			buildSettings = {
				BUNDLE_LOADER = "$(BUILT_PRODUCTS_DIR)/SpeakerSocial.app/SpeakerSocial";
				FRAMEWORK_SEARCH_PATHS = (
					"\"$(SDKROOT)/Developer/Library/Frameworks\"",
					"\"$(DEVELOPER_LIBRARY_DIR)/Frameworks\"",
				);
				GCC_PRECOMPILE_PREFIX_HEADER = YES;
				GCC_PREFIX_HEADER = "SpeakerSocial/SpeakerSocial-Prefix.pch";
				INFOPLIST_FILE = "SpeakerSocialTests/SpeakerSocialTests-Info.plist";
				PRODUCT_NAME = "$(TARGET_NAME)";
				TEST_HOST = "$(BUNDLE_LOADER)";
				WRAPPER_EXTENSION = octest;
			};
			name = Release;
		};
/* End XCBuildConfiguration section */

/* Begin XCConfigurationList section */
		49BD4CEF1702560F007D65E1 /* Build configuration list for PBXProject "SpeakerSocial" */ = {
			isa = XCConfigurationList;
			buildConfigurations = (
				49BD4D2D1702560F007D65E1 /* Debug */,
				49BD4D2E1702560F007D65E1 /* Release */,
			);
			defaultConfigurationIsVisible = 0;
			defaultConfigurationName = Release;
		};
		49BD4D2F1702560F007D65E1 /* Build configuration list for PBXNativeTarget "SpeakerSocial" */ = {
			isa = XCConfigurationList;
			buildConfigurations = (
				49BD4D301702560F007D65E1 /* Debug */,
				49BD4D311702560F007D65E1 /* Release */,
			);
			defaultConfigurationIsVisible = 0;
			defaultConfigurationName = Release;
		};
		49BD4D321702560F007D65E1 /* Build configuration list for PBXNativeTarget "SpeakerSocialTests" */ = {
			isa = XCConfigurationList;
			buildConfigurations = (
				49BD4D331702560F007D65E1 /* Debug */,
				49BD4D341702560F007D65E1 /* Release */,
			);
			defaultConfigurationIsVisible = 0;
			defaultConfigurationName = Release;
		};
/* End XCConfigurationList section */
	};
	rootObject = 49BD4CEC1702560F007D65E1 /* Project object */;
}
